
Microsoft Visual Studio Solution File, Format Version 12.00
# Visual Studio Version 17
VisualStudioVersion = 17.7.34024.191
MinimumVisualStudioVersion = 10.0.40219.1
Project("{8BC9CEB8-8B4A-11D0-8D11-00A0C91BC942}") = "OOP2.3", "OOP2.3\OOP2.3.vcxproj", "{740F6570-0421-4134-8F5B-5E0B2CB86F7B}"
EndProject
Project("{8BC9CEB8-8B4A-11D0-8D11-00A0C91BC942}") = "UnitTest2.3", "UnitTest2.3\UnitTest2.3.vcxproj", "{86B2BC90-272D-4993-AE14-4D5A6647E1F0}"
EndProject
Global
	GlobalSection(SolutionConfigurationPlatforms) = preSolution
		Debug|x64 = Debug|x64
		Debug|x86 = Debug|x86
		Release|x64 = Release|x64
		Release|x86 = Release|x86
	EndGlobalSection
	GlobalSection(ProjectConfigurationPlatforms) = postSolution
		{740F6570-0421-4134-8F5B-5E0B2CB86F7B}.Debug|x64.ActiveCfg = Debug|x64
		{740F6570-0421-4134-8F5B-5E0B2CB86F7B}.Debug|x64.Build.0 = Debug|x64
		{740F6570-0421-4134-8F5B-5E0B2CB86F7B}.Debug|x86.ActiveCfg = Debug|Win32
		{740F6570-0421-4134-8F5B-5E0B2CB86F7B}.Debug|x86.Build.0 = Debug|Win32
		{740F6570-0421-4134-8F5B-5E0B2CB86F7B}.Release|x64.ActiveCfg = Release|x64
		{740F6570-0421-4134-8F5B-5E0B2CB86F7B}.Release|x64.Build.0 = Release|x64
		{740F6570-0421-4134-8F5B-5E0B2CB86F7B}.Release|x86.ActiveCfg = Release|Win32
		{740F6570-0421-4134-8F5B-5E0B2CB86F7B}.Release|x86.Build.0 = Release|Win32
		{86B2BC90-272D-4993-AE14-4D5A6647E1F0}.Debug|x64.ActiveCfg = Debug|x64
		{86B2BC90-272D-4993-AE14-4D5A6647E1F0}.Debug|x64.Build.0 = Debug|x64
		{86B2BC90-272D-4993-AE14-4D5A6647E1F0}.Debug|x86.ActiveCfg = Debug|Win32
		{86B2BC90-272D-4993-AE14-4D5A6647E1F0}.Debug|x86.Build.0 = Debug|Win32
		{86B2BC90-272D-4993-AE14-4D5A6647E1F0}.Release|x64.ActiveCfg = Release|x64
		{86B2BC90-272D-4993-AE14-4D5A6647E1F0}.Release|x64.Build.0 = Release|x64
		{86B2BC90-272D-4993-AE14-4D5A6647E1F0}.Release|x86.ActiveCfg = Release|Win32
		{86B2BC90-272D-4993-AE14-4D5A6647E1F0}.Release|x86.Build.0 = Release|Win32
	EndGlobalSection
	GlobalSection(SolutionProperties) = preSolution
		HideSolutionNode = FALSE
	EndGlobalSection
	GlobalSection(ExtensibilityGlobals) = postSolution
		SolutionGuid = {77B067C3-4958-498F-8B43-F915B232EFF4}
	EndGlobalSection
EndGlobal
